PODS:
  - PLVLiveKit (1.2.4):
    - PLVLiveKit/capture (= 1.2.4)
    - PLVLiveKit/coder (= 1.2.4)
    - PLVLiveKit/configuration (= 1.2.4)
    - PLVLiveKit/filter (= 1.2.4)
    - PLVLiveKit/GPUImage (= 1.2.4)
    - PLVLiveKit/objects (= 1.2.4)
    - PLVLiveKit/pili-librtmp (= 1.2.4)
    - PLVLiveKit/publish (= 1.2.4)
  - PLVLiveKit/capture (1.2.4):
    - PLVLiveKit/filter
  - PLVLiveKit/coder (1.2.4):
    - PLVLiveKit/objects
  - PLVLiveKit/configuration (1.2.4)
  - PLVLiveKit/filter (1.2.4):
    - PLVLiveKit/GPUImage
    - PLVLiveKit/objects
  - PLVLiveKit/GPUImage (1.2.4)
  - PLVLiveKit/objects (1.2.4):
    - PLVLiveKit/configuration
  - PLVLiveKit/pili-librtmp (1.2.4)
  - PLVLiveKit/publish (1.2.4):
    - PLVLiveKit/objects
    - PLVLiveKit/pili-librtmp
  - PolyvBusinessSDK (0.15.0):
    - PolyvBusinessSDK/Core (= 0.15.0)
    - PolyvBusinessSDK/Socket (= 0.15.0)
    - PolyvFoundationSDK (~> 0.12.0)
  - PolyvBusinessSDK/Core (0.15.0):
    - PolyvFoundationSDK (~> 0.12.0)
  - PolyvBusinessSDK/Socket (0.15.0):
    - PolyvFoundationSDK (~> 0.12.0)
    - Socket.IO-Client-Swift (~> 14.0.0)
  - PolyvFoundationSDK (0.12.0)
  - PolyvLiveAPI (0.8.1)
  - Socket.IO-Client-Swift (14.0.0):
    - Starscream (~> 3.0.6)
  - Starscream (3.0.6)

DEPENDENCIES:
  - PLVLiveKit (~> 1.2.4)
  - PolyvBusinessSDK (~> 0.15.0)
  - PolyvLiveAPI (~> 0.8.1)

SPEC REPOS:
  trunk:
    - PLVLiveKit
    - PolyvBusinessSDK
    - PolyvFoundationSDK
    - PolyvLiveAPI
    - Socket.IO-Client-Swift
    - Starscream

SPEC CHECKSUMS:
  PLVLiveKit: 19aa8ba83495e745d114a450f848f9251b6bbde5
  PolyvBusinessSDK: 33c19f17c948d1a1078ebefc160e5bb6e5f423d3
  PolyvFoundationSDK: 2061221d2a34f3d4b208464a63e985ac66bad05c
  PolyvLiveAPI: 8029a175592fd14f8a72e79b7e1917c06e33b5af
  Socket.IO-Client-Swift: 21e6a8a23a7d367d5ddfab6cbbd3c679cf3c25d6
  Starscream: ef3ece99d765eeccb67de105bfa143f929026cf5

PODFILE CHECKSUM: b7902b45196950dda881e99fa9f55a958a272af0

COCOAPODS: 1.8.4
