PODS:
  - PLVLiveKit (1.2.4):
    - PLVLiveKit/capture (= 1.2.4)
    - PLVLiveKit/coder (= 1.2.4)
    - PLVLiveKit/configuration (= 1.2.4)
    - PLVLiveKit/filter (= 1.2.4)
    - PLVLiveKit/GPUImage (= 1.2.4)
    - PLVLiveKit/objects (= 1.2.4)
    - PLVLiveKit/pili-librtmp (= 1.2.4)
    - PLVLiveKit/publish (= 1.2.4)
  - PLVLiveKit/capture (1.2.4):
    - PLVLiveKit/filter
  - PLVLiveKit/coder (1.2.4):
    - PLVLiveKit/objects
  - PLVLiveKit/configuration (1.2.4)
  - PLVLiveKit/filter (1.2.4):
    - PLVLiveKit/GPUImage
    - PLVLiveKit/objects
  - PLVLiveKit/GPUImage (1.2.4)
  - PLVLiveKit/objects (1.2.4):
    - PLVLiveKit/configuration
  - PLVLiveKit/pili-librtmp (1.2.4)
  - PLVLiveKit/publish (1.2.4):
    - PLVLiveKit/objects
    - PLVLiveKit/pili-librtmp
  - PolyvFoundationSDK (0.10.2)
  - PolyvLiveAPI (0.7.4)
  - PolyvSocketAPI (0.6.3):
    - PolyvSocketAPI/Core (= 0.6.3)
    - PolyvSocketAPI/Socket (= 0.6.3)
  - PolyvSocketAPI/Core (0.6.3)
  - PolyvSocketAPI/Socket (0.6.3):
    - Socket.IO-Client-Swift (~> 13.2.0)
  - Socket.IO-Client-Swift (13.2.1):
    - Starscream (~> 3.0.2)
  - Starscream (3.0.6)

DEPENDENCIES:
  - PLVLiveKit (~> 1.2.4)
  - PolyvFoundationSDK (~> 0.10.1)
  - PolyvLiveAPI (~> 0.7.4)
  - PolyvSocketAPI (~> 0.6.1)

SPEC REPOS:
  trunk:
    - PLVLiveKit
    - PolyvFoundationSDK
    - PolyvLiveAPI
    - PolyvSocketAPI
    - Socket.IO-Client-Swift
    - Starscream

SPEC CHECKSUMS:
  PLVLiveKit: 19aa8ba83495e745d114a450f848f9251b6bbde5
  PolyvFoundationSDK: 7017a7b0eebe4fea10c83a090d9f8f18a372ce0a
  PolyvLiveAPI: b44f21a3016bbc44d92627d75dd42a8f65a9696d
  PolyvSocketAPI: 3ebd9eed50d46826cc18f0346c5061dda62e5cf6
  Socket.IO-Client-Swift: b94943e2fb916fe2f95244b9ed21828634002280
  Starscream: ef3ece99d765eeccb67de105bfa143f929026cf5

PODFILE CHECKSUM: 42d1ca8d17e9ae465959f369434735fc74484345

COCOAPODS: 1.8.4
